
Microsoft Visual Studio Solution File, Format Version 12.00
# Visual Studio Version 17
VisualStudioVersion = 17.1.32210.238
MinimumVisualStudioVersion = 10.0.40219.1
Project("{9A19103F-16F7-4668-BE54-9A1E7A4F7556}") = "Projekt", "Projekt.csproj", "{3CCAC358-B42D-4C9B-B98B-32489737D467}"
EndProject
Global
	GlobalSection(SolutionConfigurationPlatforms) = preSolution
		Debug|Any CPU = Debug|Any CPU
		Release|Any CPU = Release|Any CPU
	EndGlobalSection
	GlobalSection(ProjectConfigurationPlatforms) = postSolution
		{3CCAC358-B42D-4C9B-B98B-32489737D467}.Debug|Any CPU.ActiveCfg = Debug|Any CPU
		{3CCAC358-B42D-4C9B-B98B-32489737D467}.Debug|Any CPU.Build.0 = Debug|Any CPU
		{3CCAC358-B42D-4C9B-B98B-32489737D467}.Release|Any CPU.ActiveCfg = Release|Any CPU
		{3CCAC358-B42D-4C9B-B98B-32489737D467}.Release|Any CPU.Build.0 = Release|Any CPU
	EndGlobalSection
	GlobalSection(SolutionProperties) = preSolution
		HideSolutionNode = FALSE
	EndGlobalSection
	GlobalSection(ExtensibilityGlobals) = postSolution
		SolutionGuid = {8B05D0CC-DE16-4EFD-8A73-6DE4F8DCA06C}
	EndGlobalSection
EndGlobal
